// !$*UTF8*$!
{
	archiveVersion = 1;
	classes = {
	};
	objectVersion = 56;
	objects = {

/* Begin PBXBuildFile section */
		6FF4CF6C2C338F7200953BC2 /* RecipeBookApp.swift in Sources */ = {isa = PBXBuildFile; fileRef = 6FF4CF6B2C338F7200953BC2 /* RecipeBookApp.swift */; };
		6FF4CF6E2C338F7200953BC2 /* ContentView.swift in Sources */ = {isa = PBXBuildFile; fileRef = 6FF4CF6D2C338F7200953BC2 /* ContentView.swift */; };
		6FF4CF702C338F7600953BC2 /* Assets.xcassets in Resources */ = {isa = PBXBuildFile; fileRef = 6FF4CF6F2C338F7600953BC2 /* Assets.xcassets */; };
		6FF4CF732C338F7600953BC2 /* Preview Assets.xcassets in Resources */ = {isa = PBXBuildFile; fileRef = 6FF4CF722C338F7600953BC2 /* Preview Assets.xcassets */; };
		6FF4CF7D2C338F7700953BC2 /* RecipeBookTests.swift in Sources */ = {isa = PBXBuildFile; fileRef = 6FF4CF7C2C338F7700953BC2 /* RecipeBookTests.swift */; };
		6FF4CF872C338F7700953BC2 /* RecipeBookUITests.swift in Sources */ = {isa = PBXBuildFile; fileRef = 6FF4CF862C338F7700953BC2 /* RecipeBookUITests.swift */; };
		6FF4CF892C338F7700953BC2 /* RecipeBookUITestsLaunchTests.swift in Sources */ = {isa = PBXBuildFile; fileRef = 6FF4CF882C338F7700953BC2 /* RecipeBookUITestsLaunchTests.swift */; };
/* End PBXBuildFile section */

/* Begin PBXContainerItemProxy section */
		6FF4CF792C338F7700953BC2 /* PBXContainerItemProxy */ = {
			isa = PBXContainerItemProxy;
			containerPortal = 6FF4CF602C338F7200953BC2 /* Project object */;
			proxyType = 1;
			remoteGlobalIDString = 6FF4CF672C338F7200953BC2;
			remoteInfo = RecipeBook;
		};
		6FF4CF832C338F7700953BC2 /* PBXContainerItemProxy */ = {
			isa = PBXContainerItemProxy;
			containerPortal = 6FF4CF602C338F7200953BC2 /* Project object */;
			proxyType = 1;
			remoteGlobalIDString = 6FF4CF672C338F7200953BC2;
			remoteInfo = RecipeBook;
		};
/* End PBXContainerItemProxy section */

/* Begin PBXFileReference section */
		6FF4CF682C338F7200953BC2 /* RecipeBook.app */ = {isa = PBXFileReference; explicitFileType = wrapper.application; includeInIndex = 0; path = RecipeBook.app; sourceTree = BUILT_PRODUCTS_DIR; };
		6FF4CF6B2C338F7200953BC2 /* RecipeBookApp.swift */ = {isa = PBXFileReference; lastKnownFileType = sourcecode.swift; path = RecipeBookApp.swift; sourceTree = "<group>"; };
		6FF4CF6D2C338F7200953BC2 /* ContentView.swift */ = {isa = PBXFileReference; lastKnownFileType = sourcecode.swift; path = ContentView.swift; sourceTree = "<group>"; };
		6FF4CF6F2C338F7600953BC2 /* Assets.xcassets */ = {isa = PBXFileReference; lastKnownFileType = folder.assetcatalog; path = Assets.xcassets; sourceTree = "<group>"; };
		6FF4CF722C338F7600953BC2 /* Preview Assets.xcassets */ = {isa = PBXFileReference; lastKnownFileType = folder.assetcatalog; path = "Preview Assets.xcassets"; sourceTree = "<group>"; };
		6FF4CF782C338F7700953BC2 /* RecipeBookTests.xctest */ = {isa = PBXFileReference; explicitFileType = wrapper.cfbundle; includeInIndex = 0; path = RecipeBookTests.xctest; sourceTree = BUILT_PRODUCTS_DIR; };
		6FF4CF7C2C338F7700953BC2 /* RecipeBookTests.swift */ = {isa = PBXFileReference; lastKnownFileType = sourcecode.swift; path = RecipeBookTests.swift; sourceTree = "<group>"; };
		6FF4CF822C338F7700953BC2 /* RecipeBookUITests.xctest */ = {isa = PBXFileReference; explicitFileType = wrapper.cfbundle; includeInIndex = 0; path = RecipeBookUITests.xctest; sourceTree = BUILT_PRODUCTS_DIR; };
		6FF4CF862C338F7700953BC2 /* RecipeBookUITests.swift */ = {isa = PBXFileReference; lastKnownFileType = sourcecode.swift; path = RecipeBookUITests.swift; sourceTree = "<group>"; };
		6FF4CF882C338F7700953BC2 /* RecipeBookUITestsLaunchTests.swift */ = {isa = PBXFileReference; lastKnownFileType = sourcecode.swift; path = RecipeBookUITestsLaunchTests.swift; sourceTree = "<group>"; };
/* End PBXFileReference section */

/* Begin PBXFrameworksBuildPhase section */
		6FF4CF652C338F7200953BC2 /* Frameworks */ = {
			isa = PBXFrameworksBuildPhase;
			buildActionMask = 2147483647;
			files = (
			);
			runOnlyForDeploymentPostprocessing = 0;
		};
		6FF4CF752C338F7700953BC2 /* Frameworks */ = {
			isa = PBXFrameworksBuildPhase;
			buildActionMask = 2147483647;
			files = (
			);
			runOnlyForDeploymentPostprocessing = 0;
		};
		6FF4CF7F2C338F7700953BC2 /* Frameworks */ = {
			isa = PBXFrameworksBuildPhase;
			buildActionMask = 2147483647;
			files = (
			);
			runOnlyForDeploymentPostprocessing = 0;
		};
/* End PBXFrameworksBuildPhase section */

/* Begin PBXGroup section */
		6FF4CF5F2C338F7200953BC2 = {
			isa = PBXGroup;
			children = (
				6FF4CF6A2C338F7200953BC2 /* RecipeBook */,
				6FF4CF7B2C338F7700953BC2 /* RecipeBookTests */,
				6FF4CF852C338F7700953BC2 /* RecipeBookUITests */,
				6FF4CF692C338F7200953BC2 /* Products */,
			);
			sourceTree = "<group>";
		};
		6FF4CF692C338F7200953BC2 /* Products */ = {
			isa = PBXGroup;
			children = (
				6FF4CF682C338F7200953BC2 /* RecipeBook.app */,
				6FF4CF782C338F7700953BC2 /* RecipeBookTests.xctest */,
				6FF4CF822C338F7700953BC2 /* RecipeBookUITests.xctest */,
			);
			name = Products;
			sourceTree = "<group>";
		};
		6FF4CF6A2C338F7200953BC2 /* RecipeBook */ = {
			isa = PBXGroup;
			children = (
				6FF4CF6B2C338F7200953BC2 /* RecipeBookApp.swift */,
				6FF4CF6D2C338F7200953BC2 /* ContentView.swift */,
				6FF4CF6F2C338F7600953BC2 /* Assets.xcassets */,
				6FF4CF712C338F7600953BC2 /* Preview Content */,
			);
			path = RecipeBook;
			sourceTree = "<group>";
		};
		6FF4CF712C338F7600953BC2 /* Preview Content */ = {
			isa = PBXGroup;
			children = (
				6FF4CF722C338F7600953BC2 /* Preview Assets.xcassets */,
			);
			path = "Preview Content";
			sourceTree = "<group>";
		};
		6FF4CF7B2C338F7700953BC2 /* RecipeBookTests */ = {
			isa = PBXGroup;
			children = (
				6FF4CF7C2C338F7700953BC2 /* RecipeBookTests.swift */,
			);
			path = RecipeBookTests;
			sourceTree = "<group>";
		};
		6FF4CF852C338F7700953BC2 /* RecipeBookUITests */ = {
			isa = PBXGroup;
			children = (
				6FF4CF862C338F7700953BC2 /* RecipeBookUITests.swift */,
				6FF4CF882C338F7700953BC2 /* RecipeBookUITestsLaunchTests.swift */,
			);
			path = RecipeBookUITests;
			sourceTree = "<group>";
		};
/* End PBXGroup section */

/* Begin PBXNativeTarget section */
		6FF4CF672C338F7200953BC2 /* RecipeBook */ = {
			isa = PBXNativeTarget;
			buildConfigurationList = 6FF4CF8C2C338F7700953BC2 /* Build configuration list for PBXNativeTarget "RecipeBook" */;
			buildPhases = (
				6FF4CF642C338F7200953BC2 /* Sources */,
				6FF4CF652C338F7200953BC2 /* Frameworks */,
				6FF4CF662C338F7200953BC2 /* Resources */,
			);
			buildRules = (
			);
			dependencies = (
			);
			name = RecipeBook;
			productName = RecipeBook;
			productReference = 6FF4CF682C338F7200953BC2 /* RecipeBook.app */;
			productType = "com.apple.product-type.application";
		};
		6FF4CF772C338F7700953BC2 /* RecipeBookTests */ = {
			isa = PBXNativeTarget;
			buildConfigurationList = 6FF4CF8F2C338F7700953BC2 /* Build configuration list for PBXNativeTarget "RecipeBookTests" */;
			buildPhases = (
				6FF4CF742C338F7700953BC2 /* Sources */,
				6FF4CF752C338F7700953BC2 /* Frameworks */,
				6FF4CF762C338F7700953BC2 /* Resources */,
			);
			buildRules = (
			);
			dependencies = (
				6FF4CF7A2C338F7700953BC2 /* PBXTargetDependency */,
			);
			name = RecipeBookTests;
			productName = RecipeBookTests;
			productReference = 6FF4CF782C338F7700953BC2 /* RecipeBookTests.xctest */;
			productType = "com.apple.product-type.bundle.unit-test";
		};
		6FF4CF812C338F7700953BC2 /* RecipeBookUITests */ = {
			isa = PBXNativeTarget;
			buildConfigurationList = 6FF4CF922C338F7700953BC2 /* Build configuration list for PBXNativeTarget "RecipeBookUITests" */;
			buildPhases = (
				6FF4CF7E2C338F7700953BC2 /* Sources */,
				6FF4CF7F2C338F7700953BC2 /* Frameworks */,
				6FF4CF802C338F7700953BC2 /* Resources */,
			);
			buildRules = (
			);
			dependencies = (
				6FF4CF842C338F7700953BC2 /* PBXTargetDependency */,
			);
			name = RecipeBookUITests;
			productName = RecipeBookUITests;
			productReference = 6FF4CF822C338F7700953BC2 /* RecipeBookUITests.xctest */;
			productType = "com.apple.product-type.bundle.ui-testing";
		};
/* End PBXNativeTarget section */

/* Begin PBXProject section */
		6FF4CF602C338F7200953BC2 /* Project object */ = {
			isa = PBXProject;
			attributes = {
				BuildIndependentTargetsInParallel = 1;
				LastSwiftUpdateCheck = 1540;
				LastUpgradeCheck = 1540;
				TargetAttributes = {
					6FF4CF672C338F7200953BC2 = {
						CreatedOnToolsVersion = 15.4;
					};
					6FF4CF772C338F7700953BC2 = {
						CreatedOnToolsVersion = 15.4;
						TestTargetID = 6FF4CF672C338F7200953BC2;
					};
					6FF4CF812C338F7700953BC2 = {
						CreatedOnToolsVersion = 15.4;
						TestTargetID = 6FF4CF672C338F7200953BC2;
					};
				};
			};
			buildConfigurationList = 6FF4CF632C338F7200953BC2 /* Build configuration list for PBXProject "RecipeBook" */;
			compatibilityVersion = "Xcode 14.0";
			developmentRegion = en;
			hasScannedForEncodings = 0;
			knownRegions = (
				en,
				Base,
			);
			mainGroup = 6FF4CF5F2C338F7200953BC2;
			productRefGroup = 6FF4CF692C338F7200953BC2 /* Products */;
			projectDirPath = "";
			projectRoot = "";
			targets = (
				6FF4CF672C338F7200953BC2 /* RecipeBook */,
				6FF4CF772C338F7700953BC2 /* RecipeBookTests */,
				6FF4CF812C338F7700953BC2 /* RecipeBookUITests */,
			);
		};
/* End PBXProject section */

/* Begin PBXResourcesBuildPhase section */
		6FF4CF662C338F7200953BC2 /* Resources */ = {
			isa = PBXResourcesBuildPhase;
			buildActionMask = 2147483647;
			files = (
				6FF4CF732C338F7600953BC2 /* Preview Assets.xcassets in Resources */,
				6FF4CF702C338F7600953BC2 /* Assets.xcassets in Resources */,
			);
			runOnlyForDeploymentPostprocessing = 0;
		};
		6FF4CF762C338F7700953BC2 /* Resources */ = {
			isa = PBXResourcesBuildPhase;
			buildActionMask = 2147483647;
			files = (
			);
			runOnlyForDeploymentPostprocessing = 0;
		};
		6FF4CF802C338F7700953BC2 /* Resources */ = {
			isa = PBXResourcesBuildPhase;
			buildActionMask = 2147483647;
			files = (
			);
			runOnlyForDeploymentPostprocessing = 0;
		};
/* End PBXResourcesBuildPhase section */

/* Begin PBXSourcesBuildPhase section */
		6FF4CF642C338F7200953BC2 /* Sources */ = {
			isa = PBXSourcesBuildPhase;
			buildActionMask = 2147483647;
			files = (
				6FF4CF6E2C338F7200953BC2 /* ContentView.swift in Sources */,
				6FF4CF6C2C338F7200953BC2 /* RecipeBookApp.swift in Sources */,
			);
			runOnlyForDeploymentPostprocessing = 0;
		};
		6FF4CF742C338F7700953BC2 /* Sources */ = {
			isa = PBXSourcesBuildPhase;
			buildActionMask = 2147483647;
			files = (
				6FF4CF7D2C338F7700953BC2 /* RecipeBookTests.swift in Sources */,
			);
			runOnlyForDeploymentPostprocessing = 0;
		};
		6FF4CF7E2C338F7700953BC2 /* Sources */ = {
			isa = PBXSourcesBuildPhase;
			buildActionMask = 2147483647;
			files = (
				6FF4CF872C338F7700953BC2 /* RecipeBookUITests.swift in Sources */,
				6FF4CF892C338F7700953BC2 /* RecipeBookUITestsLaunchTests.swift in Sources */,
			);
			runOnlyForDeploymentPostprocessing = 0;
		};
/* End PBXSourcesBuildPhase section */

/* Begin PBXTargetDependency section */
		6FF4CF7A2C338F7700953BC2 /* PBXTargetDependency */ = {
			isa = PBXTargetDependency;
			target = 6FF4CF672C338F7200953BC2 /* RecipeBook */;
			targetProxy = 6FF4CF792C338F7700953BC2 /* PBXContainerItemProxy */;
		};
		6FF4CF842C338F7700953BC2 /* PBXTargetDependency */ = {
			isa = PBXTargetDependency;
			target = 6FF4CF672C338F7200953BC2 /* RecipeBook */;
			targetProxy = 6FF4CF832C338F7700953BC2 /* PBXContainerItemProxy */;
		};
/* End PBXTargetDependency section */

/* Begin XCBuildConfiguration section */
		6FF4CF8A2C338F7700953BC2 /* Debug */ = {
			isa = XCBuildConfiguration;
			buildSettings = {
				ALWAYS_SEARCH_USER_PATHS = NO;
				ASSETCATALOG_COMPILER_GENERATE_SWIFT_ASSET_SYMBOL_EXTENSIONS = YES;
				CLANG_ANALYZER_NONNULL = YES;
				CLANG_ANALYZER_NUMBER_OBJECT_CONVERSION = YES_AGGRESSIVE;
				CLANG_CXX_LANGUAGE_STANDARD = "gnu++20";
				CLANG_ENABLE_MODULES = YES;
				CLANG_ENABLE_OBJC_ARC = YES;
				CLANG_ENABLE_OBJC_WEAK = YES;
				CLANG_WARN_BLOCK_CAPTURE_AUTORELEASING = YES;
				CLANG_WARN_BOOL_CONVERSION = YES;
				CLANG_WARN_COMMA = YES;
				CLANG_WARN_CONSTANT_CONVERSION = YES;
				CLANG_WARN_DEPRECATED_OBJC_IMPLEMENTATIONS = YES;
				CLANG_WARN_DIRECT_OBJC_ISA_USAGE = YES_ERROR;
				CLANG_WARN_DOCUMENTATION_COMMENTS = YES;
				CLANG_WARN_EMPTY_BODY = YES;
				CLANG_WARN_ENUM_CONVERSION = YES;
				CLANG_WARN_INFINITE_RECURSION = YES;
				CLANG_WARN_INT_CONVERSION = YES;
				CLANG_WARN_NON_LITERAL_NULL_CONVERSION = YES;
				CLANG_WARN_OBJC_IMPLICIT_RETAIN_SELF = YES;
				CLANG_WARN_OBJC_LITERAL_CONVERSION = YES;
				CLANG_WARN_OBJC_ROOT_CLASS = YES_ERROR;
				CLANG_WARN_QUOTED_INCLUDE_IN_FRAMEWORK_HEADER = YES;
				CLANG_WARN_RANGE_LOOP_ANALYSIS = YES;
				CLANG_WARN_STRICT_PROTOTYPES = YES;
				CLANG_WARN_SUSPICIOUS_MOVE = YES;
				CLANG_WARN_UNGUARDED_AVAILABILITY = YES_AGGRESSIVE;
				CLANG_WARN_UNREACHABLE_CODE = YES;
				CLANG_WARN__DUPLICATE_METHOD_MATCH = YES;
				COPY_PHASE_STRIP = NO;
				DEBUG_INFORMATION_FORMAT = dwarf;
				ENABLE_STRICT_OBJC_MSGSEND = YES;
				ENABLE_TESTABILITY = YES;
				ENABLE_USER_SCRIPT_SANDBOXING = YES;
				GCC_C_LANGUAGE_STANDARD = gnu17;
				GCC_DYNAMIC_NO_PIC = NO;
				GCC_NO_COMMON_BLOCKS = YES;
				GCC_OPTIMIZATION_LEVEL = 0;
				GCC_PREPROCESSOR_DEFINITIONS = (
					"DEBUG=1",
					"$(inherited)",
				);
				GCC_WARN_64_TO_32_BIT_CONVERSION = YES;
				GCC_WARN_ABOUT_RETURN_TYPE = YES_ERROR;
				GCC_WARN_UNDECLARED_SELECTOR = YES;
				GCC_WARN_UNINITIALIZED_AUTOS = YES_AGGRESSIVE;
				GCC_WARN_UNUSED_FUNCTION = YES;
				GCC_WARN_UNUSED_VARIABLE = YES;
				IPHONEOS_DEPLOYMENT_TARGET = 17.5;
				LOCALIZATION_PREFERS_STRING_CATALOGS = YES;
				MTL_ENABLE_DEBUG_INFO = INCLUDE_SOURCE;
				MTL_FAST_MATH = YES;
				ONLY_ACTIVE_ARCH = YES;
				SDKROOT = iphoneos;
				SWIFT_ACTIVE_COMPILATION_CONDITIONS = "DEBUG $(inherited)";
				SWIFT_OPTIMIZATION_LEVEL = "-Onone";
			};
			name = Debug;
		};
		6FF4CF8B2C338F7700953BC2 /* Release */ = {
			isa = XCBuildConfiguration;
			buildSettings = {
				ALWAYS_SEARCH_USER_PATHS = NO;
				ASSETCATALOG_COMPILER_GENERATE_SWIFT_ASSET_SYMBOL_EXTENSIONS = YES;
				CLANG_ANALYZER_NONNULL = YES;
				CLANG_ANALYZER_NUMBER_OBJECT_CONVERSION = YES_AGGRESSIVE;
				CLANG_CXX_LANGUAGE_STANDARD = "gnu++20";
				CLANG_ENABLE_MODULES = YES;
				CLANG_ENABLE_OBJC_ARC = YES;
				CLANG_ENABLE_OBJC_WEAK = YES;
				CLANG_WARN_BLOCK_CAPTURE_AUTORELEASING = YES;
				CLANG_WARN_BOOL_CONVERSION = YES;
				CLANG_WARN_COMMA = YES;
				CLANG_WARN_CONSTANT_CONVERSION = YES;
				CLANG_WARN_DEPRECATED_OBJC_IMPLEMENTATIONS = YES;
				CLANG_WARN_DIRECT_OBJC_ISA_USAGE = YES_ERROR;
				CLANG_WARN_DOCUMENTATION_COMMENTS = YES;
				CLANG_WARN_EMPTY_BODY = YES;
				CLANG_WARN_ENUM_CONVERSION = YES;
				CLANG_WARN_INFINITE_RECURSION = YES;
				CLANG_WARN_INT_CONVERSION = YES;
				CLANG_WARN_NON_LITERAL_NULL_CONVERSION = YES;
				CLANG_WARN_OBJC_IMPLICIT_RETAIN_SELF = YES;
				CLANG_WARN_OBJC_LITERAL_CONVERSION = YES;
				CLANG_WARN_OBJC_ROOT_CLASS = YES_ERROR;
				CLANG_WARN_QUOTED_INCLUDE_IN_FRAMEWORK_HEADER = YES;
				CLANG_WARN_RANGE_LOOP_ANALYSIS = YES;
				CLANG_WARN_STRICT_PROTOTYPES = YES;
				CLANG_WARN_SUSPICIOUS_MOVE = YES;
				CLANG_WARN_UNGUARDED_AVAILABILITY = YES_AGGRESSIVE;
				CLANG_WARN_UNREACHABLE_CODE = YES;
				CLANG_WARN__DUPLICATE_METHOD_MATCH = YES;
				COPY_PHASE_STRIP = NO;
				DEBUG_INFORMATION_FORMAT = "dwarf-with-dsym";
				ENABLE_NS_ASSERTIONS = NO;
				ENABLE_STRICT_OBJC_MSGSEND = YES;
				ENABLE_USER_SCRIPT_SANDBOXING = YES;
				GCC_C_LANGUAGE_STANDARD = gnu17;
				GCC_NO_COMMON_BLOCKS = YES;
				GCC_WARN_64_TO_32_BIT_CONVERSION = YES;
				GCC_WARN_ABOUT_RETURN_TYPE = YES_ERROR;
				GCC_WARN_UNDECLARED_SELECTOR = YES;
				GCC_WARN_UNINITIALIZED_AUTOS = YES_AGGRESSIVE;
				GCC_WARN_UNUSED_FUNCTION = YES;
				GCC_WARN_UNUSED_VARIABLE = YES;
				IPHONEOS_DEPLOYMENT_TARGET = 17.5;
				LOCALIZATION_PREFERS_STRING_CATALOGS = YES;
				MTL_ENABLE_DEBUG_INFO = NO;
				MTL_FAST_MATH = YES;
				SDKROOT = iphoneos;
				SWIFT_COMPILATION_MODE = wholemodule;
				VALIDATE_PRODUCT = YES;
			};
			name = Release;
		};
		6FF4CF8D2C338F7700953BC2 /* Debug */ = {
			isa = XCBuildConfiguration;
			buildSettings = {
				ASSETCATALOG_COMPILER_APPICON_NAME = AppIcon;
				ASSETCATALOG_COMPILER_GLOBAL_ACCENT_COLOR_NAME = AccentColor;
				CODE_SIGN_STYLE = Automatic;
				CURRENT_PROJECT_VERSION = 1;
				DEVELOPMENT_ASSET_PATHS = "\"RecipeBook/Preview Content\"";
				DEVELOPMENT_TEAM = 3H3547LZQG;
				ENABLE_PREVIEWS = YES;
				GENERATE_INFOPLIST_FILE = YES;
				INFOPLIST_KEY_UIApplicationSceneManifest_Generation = YES;
				INFOPLIST_KEY_UIApplicationSupportsIndirectInputEvents = YES;
				INFOPLIST_KEY_UILaunchScreen_Generation = YES;
				INFOPLIST_KEY_UISupportedInterfaceOrientations_iPad = "UIInterfaceOrientationPortrait UIInterfaceOrientationPortraitUpsideDown UIInterfaceOrientationLandscapeLeft UIInterfaceOrientationLandscapeRight";
				INFOPLIST_KEY_UISupportedInterfaceOrientations_iPhone = "UIInterfaceOrientationPortrait UIInterfaceOrientationLandscapeLeft UIInterfaceOrientationLandscapeRight";
				LD_RUNPATH_SEARCH_PATHS = (
					"$(inherited)",
					"@executable_path/Frameworks",
				);
				MARKETING_VERSION = 1.0;
				PRODUCT_BUNDLE_IDENTIFIER = AbhimanyuGupta.RecipeBook;
				PRODUCT_NAME = "$(TARGET_NAME)";
				SWIFT_EMIT_LOC_STRINGS = YES;
				SWIFT_VERSION = 5.0;
				TARGETED_DEVICE_FAMILY = "1,2";
			};
			name = Debug;
		};
		6FF4CF8E2C338F7700953BC2 /* Release */ = {
			isa = XCBuildConfiguration;
			buildSettings = {
				ASSETCATALOG_COMPILER_APPICON_NAME = AppIcon;
				ASSETCATALOG_COMPILER_GLOBAL_ACCENT_COLOR_NAME = AccentColor;
				CODE_SIGN_STYLE = Automatic;
				CURRENT_PROJECT_VERSION = 1;
				DEVELOPMENT_ASSET_PATHS = "\"RecipeBook/Preview Content\"";
				DEVELOPMENT_TEAM = 3H3547LZQG;
				ENABLE_PREVIEWS = YES;
				GENERATE_INFOPLIST_FILE = YES;
				INFOPLIST_KEY_UIApplicationSceneManifest_Generation = YES;
				INFOPLIST_KEY_UIApplicationSupportsIndirectInputEvents = YES;
				INFOPLIST_KEY_UILaunchScreen_Generation = YES;
				INFOPLIST_KEY_UISupportedInterfaceOrientations_iPad = "UIInterfaceOrientationPortrait UIInterfaceOrientationPortraitUpsideDown UIInterfaceOrientationLandscapeLeft UIInterfaceOrientationLandscapeRight";
				INFOPLIST_KEY_UISupportedInterfaceOrientations_iPhone = "UIInterfaceOrientationPortrait UIInterfaceOrientationLandscapeLeft UIInterfaceOrientationLandscapeRight";
				LD_RUNPATH_SEARCH_PATHS = (
					"$(inherited)",
					"@executable_path/Frameworks",
				);
				MARKETING_VERSION = 1.0;
				PRODUCT_BUNDLE_IDENTIFIER = AbhimanyuGupta.RecipeBook;
				PRODUCT_NAME = "$(TARGET_NAME)";
				SWIFT_EMIT_LOC_STRINGS = YES;
				SWIFT_VERSION = 5.0;
				TARGETED_DEVICE_FAMILY = "1,2";
			};
			name = Release;
		};
		6FF4CF902C338F7700953BC2 /* Debug */ = {
			isa = XCBuildConfiguration;
			buildSettings = {
				ALWAYS_EMBED_SWIFT_STANDARD_LIBRARIES = YES;
				BUNDLE_LOADER = "$(TEST_HOST)";
				CODE_SIGN_STYLE = Automatic;
				CURRENT_PROJECT_VERSION = 1;
				DEVELOPMENT_TEAM = 3H3547LZQG;
				GENERATE_INFOPLIST_FILE = YES;
				IPHONEOS_DEPLOYMENT_TARGET = 17.5;
				MARKETING_VERSION = 1.0;
				PRODUCT_BUNDLE_IDENTIFIER = AbhimanyuGupta.RecipeBookTests;
				PRODUCT_NAME = "$(TARGET_NAME)";
				SWIFT_EMIT_LOC_STRINGS = NO;
				SWIFT_VERSION = 5.0;
				TARGETED_DEVICE_FAMILY = "1,2";
				TEST_HOST = "$(BUILT_PRODUCTS_DIR)/RecipeBook.app/$(BUNDLE_EXECUTABLE_FOLDER_PATH)/RecipeBook";
			};
			name = Debug;
		};
		6FF4CF912C338F7700953BC2 /* Release */ = {
			isa = XCBuildConfiguration;
			buildSettings = {
				ALWAYS_EMBED_SWIFT_STANDARD_LIBRARIES = YES;
				BUNDLE_LOADER = "$(TEST_HOST)";
				CODE_SIGN_STYLE = Automatic;
				CURRENT_PROJECT_VERSION = 1;
				DEVELOPMENT_TEAM = 3H3547LZQG;
				GENERATE_INFOPLIST_FILE = YES;
				IPHONEOS_DEPLOYMENT_TARGET = 17.5;
				MARKETING_VERSION = 1.0;
				PRODUCT_BUNDLE_IDENTIFIER = AbhimanyuGupta.RecipeBookTests;
				PRODUCT_NAME = "$(TARGET_NAME)";
				SWIFT_EMIT_LOC_STRINGS = NO;
				SWIFT_VERSION = 5.0;
				TARGETED_DEVICE_FAMILY = "1,2";
				TEST_HOST = "$(BUILT_PRODUCTS_DIR)/RecipeBook.app/$(BUNDLE_EXECUTABLE_FOLDER_PATH)/RecipeBook";
			};
			name = Release;
		};
		6FF4CF932C338F7700953BC2 /* Debug */ = {
			isa = XCBuildConfiguration;
			buildSettings = {
				ALWAYS_EMBED_SWIFT_STANDARD_LIBRARIES = YES;
				CODE_SIGN_STYLE = Automatic;
				CURRENT_PROJECT_VERSION = 1;
				DEVELOPMENT_TEAM = 3H3547LZQG;
				GENERATE_INFOPLIST_FILE = YES;
				MARKETING_VERSION = 1.0;
				PRODUCT_BUNDLE_IDENTIFIER = AbhimanyuGupta.RecipeBookUITests;
				PRODUCT_NAME = "$(TARGET_NAME)";
				SWIFT_EMIT_LOC_STRINGS = NO;
				SWIFT_VERSION = 5.0;
				TARGETED_DEVICE_FAMILY = "1,2";
				TEST_TARGET_NAME = RecipeBook;
			};
			name = Debug;
		};
		6FF4CF942C338F7700953BC2 /* Release */ = {
			isa = XCBuildConfiguration;
			buildSettings = {
				ALWAYS_EMBED_SWIFT_STANDARD_LIBRARIES = YES;
				CODE_SIGN_STYLE = Automatic;
				CURRENT_PROJECT_VERSION = 1;
				DEVELOPMENT_TEAM = 3H3547LZQG;
				GENERATE_INFOPLIST_FILE = YES;
				MARKETING_VERSION = 1.0;
				PRODUCT_BUNDLE_IDENTIFIER = AbhimanyuGupta.RecipeBookUITests;
				PRODUCT_NAME = "$(TARGET_NAME)";
				SWIFT_EMIT_LOC_STRINGS = NO;
				SWIFT_VERSION = 5.0;
				TARGETED_DEVICE_FAMILY = "1,2";
				TEST_TARGET_NAME = RecipeBook;
			};
			name = Release;
		};
/* End XCBuildConfiguration section */

/* Begin XCConfigurationList section */
		6FF4CF632C338F7200953BC2 /* Build configuration list for PBXProject "RecipeBook" */ = {
			isa = XCConfigurationList;
			buildConfigurations = (
				6FF4CF8A2C338F7700953BC2 /* Debug */,
				6FF4CF8B2C338F7700953BC2 /* Release */,
			);
			defaultConfigurationIsVisible = 0;
			defaultConfigurationName = Release;
		};
		6FF4CF8C2C338F7700953BC2 /* Build configuration list for PBXNativeTarget "RecipeBook" */ = {
			isa = XCConfigurationList;
			buildConfigurations = (
				6FF4CF8D2C338F7700953BC2 /* Debug */,
				6FF4CF8E2C338F7700953BC2 /* Release */,
			);
			defaultConfigurationIsVisible = 0;
			defaultConfigurationName = Release;
		};
		6FF4CF8F2C338F7700953BC2 /* Build configuration list for PBXNativeTarget "RecipeBookTests" */ = {
			isa = XCConfigurationList;
			buildConfigurations = (
				6FF4CF902C338F7700953BC2 /* Debug */,
				6FF4CF912C338F7700953BC2 /* Release */,
			);
			defaultConfigurationIsVisible = 0;
			defaultConfigurationName = Release;
		};
		6FF4CF922C338F7700953BC2 /* Build configuration list for PBXNativeTarget "RecipeBookUITests" */ = {
			isa = XCConfigurationList;
			buildConfigurations = (
				6FF4CF932C338F7700953BC2 /* Debug */,
				6FF4CF942C338F7700953BC2 /* Release */,
			);
			defaultConfigurationIsVisible = 0;
			defaultConfigurationName = Release;
		};
/* End XCConfigurationList section */
	};
	rootObject = 6FF4CF602C338F7200953BC2 /* Project object */;
}
